<?xml version="1.0" encoding="utf-8"?>
<Project ToolsVersion="16.0" xmlns="http://schemas.microsoft.com/developer/msbuild/2003">
  <ItemGroup>
    <ClCompile Include="..\src\radar_pi.cpp">
      <Filter>Source Files</Filter>
    </ClCompile>
    <ClCompile Include="..\src\exe\radar_main.cpp">
      <Filter>Source Files\exe</Filter>
    </ClCompile>
    <ClCompile Include="..\src\exe\pluginmanager.cpp">
      <Filter>Source Files\exe</Filter>
    </ClCompile>
    <ClCompile Include="..\src\ControlsDialog.cpp" />
    <ClCompile Include="..\src\GuardZone.cpp" />
    <ClCompile Include="..\src\GuardZoneBogey.cpp" />
    <ClCompile Include="..\src\Kalman.cpp" />
    <ClCompile Include="..\src\MessageBox.cpp" />
    <ClCompile Include="..\src\OptionsDialog.cpp" />
    <ClCompile Include="..\src\RadarCanvas.cpp" />
    <ClCompile Include="..\src\RadarDraw.cpp" />
    <ClCompile Include="..\src\RadarDrawShader.cpp" />
    <ClCompile Include="..\src\RadarDrawVertex.cpp" />
    <ClCompile Include="..\src\RadarFactory.cpp" />
    <ClCompile Include="..\src\RadarInfo.cpp" />
    <ClCompile Include="..\src\RadarMarpa.cpp" />
    <ClCompile Include="..\src\RadarPanel.cpp" />
    <ClCompile Include="..\src\SelectDialog.cpp" />
    <ClCompile Include="..\src\TextureFont.cpp" />
    <ClCompile Include="..\src\TrailBuffer.cpp" />
    <ClCompile Include="..\src\drawutil.cpp" />
    <ClCompile Include="..\src\icons.cpp" />
    <ClCompile Include="..\src\shaderutil.cpp" />
    <ClCompile Include="..\src\socketutil.cpp" />
    <ClCompile Include="..\src\nmea0183\nmea0183.cpp" />
    <ClCompile Include="..\src\nmea0183\response.cpp" />
    <ClCompile Include="..\src\nmea0183\sentence.cpp" />
    <ClCompile Include="..\src\nmea0183\talkerid.cpp" />
    <ClCompile Include="..\src\nmea0183\hexvalue.cpp" />
    <ClCompile Include="..\src\nmea0183\expid.cpp" />
    <ClCompile Include="..\src\nmea0183\hdt.cpp" />
    <ClCompile Include="..\src\nmea0183\hdg.cpp" />
    <ClCompile Include="..\src\nmea0183\hdm.cpp" />
    <ClCompile Include="..\src\wxJSON\jsonreader.cpp" />
    <ClCompile Include="..\src\wxJSON\jsonval.cpp" />
    <ClCompile Include="..\src\ocius\oc_utils.cpp" />
    <ClCompile Include="..\src\ocius\oc_radar_interface.cpp" />
    <ClCompile Include="..\src\navico\NavicoReceive.cpp" />
    <ClCompile Include="..\src\navico\NavicoControl.cpp" />
    <ClCompile Include="..\src\navico\NavicoControlsDialog.cpp" />
    <ClCompile Include="..\src\navico\NavicoLocate.cpp" />
  </ItemGroup>
  <ItemGroup>
    <ClInclude Include="..\src\exe\chart1.h">
      <Filter>Source Files\exe</Filter>
    </ClInclude>
    <ClInclude Include="..\src\exe\pluginmanager.h">
      <Filter>Source Files\exe</Filter>
    </ClInclude>
    <ClInclude Include="..\src\ocpn_plugin.h">
      <Filter>Source Files</Filter>
    </ClInclude>
    <ClInclude Include="..\src\radar_exe.h" />
    <ClInclude Include="..\src\ControlsDialog.h" />
    <ClInclude Include="..\src\GuardZone.h" />
    <ClInclude Include="..\src\GuardZoneBogey.h" />
    <ClInclude Include="..\src\Kalman.h" />
    <ClInclude Include="..\src\Matrix.h" />
    <ClInclude Include="..\src\MessageBox.h" />
    <ClInclude Include="..\src\OptionsDialog.h" />
    <ClInclude Include="..\src\RadarCanvas.h" />
    <ClInclude Include="..\src\RadarControl.h" />
    <ClInclude Include="..\src\RadarControlItem.h" />
    <ClInclude Include="..\src\RadarDraw.h" />
    <ClInclude Include="..\src\RadarDrawShader.h" />
    <ClInclude Include="..\src\RadarDrawVertex.h" />
    <ClInclude Include="..\src\RadarFactory.h" />
    <ClInclude Include="..\src\RadarInfo.h" />
    <ClInclude Include="..\src\RadarMarpa.h" />
    <ClInclude Include="..\src\RadarPanel.h" />
    <ClInclude Include="..\src\RadarReceive.h" />
    <ClInclude Include="..\src\RadarType.h" />
    <ClInclude Include="..\src\SelectDialog.h" />
    <ClInclude Include="..\src\SoftwareControlSet.h" />
    <ClInclude Include="..\src\TextureFont.h" />
    <ClInclude Include="..\src\TrailBuffer.h" />
    <ClInclude Include="..\src\drawutil.h" />
    <ClInclude Include="..\src\icons.h" />
    <ClInclude Include="..\src\pi_common.h" />
    <ClInclude Include="..\src\shaderutil.h" />
    <ClInclude Include="..\src\socketutil.h" />
    <ClInclude Include="..\src\nmea0183\nmea0183.hpp" />
    <ClInclude Include="..\src\nmea0183\Response.hpp" />
    <ClInclude Include="..\src\nmea0183\Sentence.hpp" />
    <ClInclude Include="..\src\nmea0183\hdt.hpp" />
    <ClInclude Include="..\src\nmea0183\hdg.hpp" />
    <ClInclude Include="..\src\nmea0183\hdm.hpp" />
    <ClInclude Include="..\src\ocius\oc_utils.h" />
    <ClInclude Include="..\src\ocius\oc_radar_interface.h" />
    <ClInclude Include="..\src\navico\br24type.h" />
    <ClInclude Include="..\src\navico\br3gtype.h" />
    <ClInclude Include="..\src\navico\br4gatype.h" />
    <ClInclude Include="..\src\navico\br4gbtype.h" />
    <ClInclude Include="..\src\navico\haloatype.h" />
    <ClInclude Include="..\src\navico\halobtype.h" />
    <ClInclude Include="..\src\navico\NavicoCommon.h" />
    <ClInclude Include="..\src\navico\NavicoReceive.h" />
    <ClInclude Include="..\src\navico\NavicoControl.h" />
    <ClInclude Include="..\src\navico\NavicoControlSet.h" />
    <ClInclude Include="..\src\navico\NavicoControlsDialog.h" />
    <ClInclude Include="..\src\navico\NavicoLocate.h" />
    <ClInclude Include="..\src\navico\NavicoRadarInfo.h" />
  </ItemGroup>
  <ItemGroup>
    <Filter Include="Header Files">
      <UniqueIdentifier>{09CCE9EF-E4FF-3125-9BCE-DF688EFF5B70}</UniqueIdentifier>
    </Filter>
    <Filter Include="Source Files">
      <UniqueIdentifier>{F1CFCCD3-B6F6-3D66-9B93-B56758D1066D}</UniqueIdentifier>
    </Filter>
    <Filter Include="Source Files\exe">
      <UniqueIdentifier>{c2cf9c12-ff26-44ac-bcf6-406a44185928}</UniqueIdentifier>
    </Filter>
    <Filter Include="Source Files\ocius">
      <UniqueIdentifier>{b808db5f-d014-4e2b-8867-99bc669218bf}</UniqueIdentifier>
    </Filter>
  </ItemGroup>
  <ItemGroup>
    <Text Include="..\CMakeLists.txt" />
  </ItemGroup>
</Project>