<?xml version="1.0" encoding="utf-8"?>
<Project ToolsVersion="16.0" xmlns="http://schemas.microsoft.com/developer/msbuild/2003">
  <ItemGroup>
    <ClCompile Include="H:\home\user\src\radar_pi\src\ControlsDialog.cpp">
      <Filter>Source Files</Filter>
    </ClCompile>
    <ClCompile Include="H:\home\user\src\radar_pi\src\GuardZone.cpp">
      <Filter>Source Files</Filter>
    </ClCompile>
    <ClCompile Include="H:\home\user\src\radar_pi\src\GuardZoneBogey.cpp">
      <Filter>Source Files</Filter>
    </ClCompile>
    <ClCompile Include="H:\home\user\src\radar_pi\src\Kalman.cpp">
      <Filter>Source Files</Filter>
    </ClCompile>
    <ClCompile Include="H:\home\user\src\radar_pi\src\MessageBox.cpp">
      <Filter>Source Files</Filter>
    </ClCompile>
    <ClCompile Include="H:\home\user\src\radar_pi\src\OptionsDialog.cpp">
      <Filter>Source Files</Filter>
    </ClCompile>
    <ClCompile Include="H:\home\user\src\radar_pi\src\RadarCanvas.cpp">
      <Filter>Source Files</Filter>
    </ClCompile>
    <ClCompile Include="H:\home\user\src\radar_pi\src\RadarDraw.cpp">
      <Filter>Source Files</Filter>
    </ClCompile>
    <ClCompile Include="H:\home\user\src\radar_pi\src\RadarDrawShader.cpp">
      <Filter>Source Files</Filter>
    </ClCompile>
    <ClCompile Include="H:\home\user\src\radar_pi\src\RadarDrawVertex.cpp">
      <Filter>Source Files</Filter>
    </ClCompile>
    <ClCompile Include="H:\home\user\src\radar_pi\src\RadarFactory.cpp">
      <Filter>Source Files</Filter>
    </ClCompile>
    <ClCompile Include="H:\home\user\src\radar_pi\src\RadarInfo.cpp">
      <Filter>Source Files</Filter>
    </ClCompile>
    <ClCompile Include="H:\home\user\src\radar_pi\src\RadarMarpa.cpp">
      <Filter>Source Files</Filter>
    </ClCompile>
    <ClCompile Include="H:\home\user\src\radar_pi\src\RadarPanel.cpp">
      <Filter>Source Files</Filter>
    </ClCompile>
    <ClCompile Include="H:\home\user\src\radar_pi\src\SelectDialog.cpp">
      <Filter>Source Files</Filter>
    </ClCompile>
    <ClCompile Include="H:\home\user\src\radar_pi\src\TextureFont.cpp">
      <Filter>Source Files</Filter>
    </ClCompile>
    <ClCompile Include="H:\home\user\src\radar_pi\src\TrailBuffer.cpp">
      <Filter>Source Files</Filter>
    </ClCompile>
    <ClCompile Include="H:\home\user\src\radar_pi\src\drawutil.cpp">
      <Filter>Source Files</Filter>
    </ClCompile>
    <ClCompile Include="H:\home\user\src\radar_pi\src\icons.cpp">
      <Filter>Source Files</Filter>
    </ClCompile>
    <ClCompile Include="H:\home\user\src\radar_pi\src\radar_pi.cpp">
      <Filter>Source Files</Filter>
    </ClCompile>
    <ClCompile Include="H:\home\user\src\radar_pi\src\shaderutil.cpp">
      <Filter>Source Files</Filter>
    </ClCompile>
    <ClCompile Include="H:\home\user\src\radar_pi\src\socketutil.cpp">
      <Filter>Source Files</Filter>
    </ClCompile>
    <ClCompile Include="H:\home\user\src\radar_pi\src\nmea0183\nmea0183.cpp">
      <Filter>Source Files</Filter>
    </ClCompile>
    <ClCompile Include="H:\home\user\src\radar_pi\src\nmea0183\response.cpp">
      <Filter>Source Files</Filter>
    </ClCompile>
    <ClCompile Include="H:\home\user\src\radar_pi\src\nmea0183\sentence.cpp">
      <Filter>Source Files</Filter>
    </ClCompile>
    <ClCompile Include="H:\home\user\src\radar_pi\src\nmea0183\talkerid.cpp">
      <Filter>Source Files</Filter>
    </ClCompile>
    <ClCompile Include="H:\home\user\src\radar_pi\src\nmea0183\hexvalue.cpp">
      <Filter>Source Files</Filter>
    </ClCompile>
    <ClCompile Include="H:\home\user\src\radar_pi\src\nmea0183\expid.cpp">
      <Filter>Source Files</Filter>
    </ClCompile>
    <ClCompile Include="H:\home\user\src\radar_pi\src\nmea0183\hdt.cpp">
      <Filter>Source Files</Filter>
    </ClCompile>
    <ClCompile Include="H:\home\user\src\radar_pi\src\nmea0183\hdg.cpp">
      <Filter>Source Files</Filter>
    </ClCompile>
    <ClCompile Include="H:\home\user\src\radar_pi\src\nmea0183\hdm.cpp">
      <Filter>Source Files</Filter>
    </ClCompile>
    <ClCompile Include="H:\home\user\src\radar_pi\src\wxJSON\jsonreader.cpp">
      <Filter>Source Files</Filter>
    </ClCompile>
    <ClCompile Include="H:\home\user\src\radar_pi\src\wxJSON\jsonval.cpp">
      <Filter>Source Files</Filter>
    </ClCompile>
    <ClCompile Include="H:\home\user\src\radar_pi\src\ocius\oc_utils.cpp">
      <Filter>Source Files</Filter>
    </ClCompile>
    <ClCompile Include="H:\home\user\src\radar_pi\src\ocius\oc_radar_interface.cpp">
      <Filter>Source Files</Filter>
    </ClCompile>
    <ClCompile Include="H:\home\user\src\radar_pi\src\navico\NavicoReceive.cpp">
      <Filter>Source Files</Filter>
    </ClCompile>
    <ClCompile Include="H:\home\user\src\radar_pi\src\navico\NavicoControl.cpp">
      <Filter>Source Files</Filter>
    </ClCompile>
    <ClCompile Include="H:\home\user\src\radar_pi\src\navico\NavicoControlsDialog.cpp">
      <Filter>Source Files</Filter>
    </ClCompile>
    <ClCompile Include="H:\home\user\src\radar_pi\src\navico\NavicoLocate.cpp">
      <Filter>Source Files</Filter>
    </ClCompile>
  </ItemGroup>
  <ItemGroup>
    <ClInclude Include="H:\home\user\src\radar_pi\src\ControlsDialog.h">
      <Filter>Header Files</Filter>
    </ClInclude>
    <ClInclude Include="H:\home\user\src\radar_pi\src\GuardZone.h">
      <Filter>Header Files</Filter>
    </ClInclude>
    <ClInclude Include="H:\home\user\src\radar_pi\src\GuardZoneBogey.h">
      <Filter>Header Files</Filter>
    </ClInclude>
    <ClInclude Include="H:\home\user\src\radar_pi\src\Kalman.h">
      <Filter>Header Files</Filter>
    </ClInclude>
    <ClInclude Include="H:\home\user\src\radar_pi\src\Matrix.h">
      <Filter>Header Files</Filter>
    </ClInclude>
    <ClInclude Include="H:\home\user\src\radar_pi\src\MessageBox.h">
      <Filter>Header Files</Filter>
    </ClInclude>
    <ClInclude Include="H:\home\user\src\radar_pi\src\OptionsDialog.h">
      <Filter>Header Files</Filter>
    </ClInclude>
    <ClInclude Include="H:\home\user\src\radar_pi\src\RadarCanvas.h">
      <Filter>Header Files</Filter>
    </ClInclude>
    <ClInclude Include="H:\home\user\src\radar_pi\src\RadarControl.h">
      <Filter>Header Files</Filter>
    </ClInclude>
    <ClInclude Include="H:\home\user\src\radar_pi\src\RadarControlItem.h">
      <Filter>Header Files</Filter>
    </ClInclude>
    <ClInclude Include="H:\home\user\src\radar_pi\src\RadarDraw.h">
      <Filter>Header Files</Filter>
    </ClInclude>
    <ClInclude Include="H:\home\user\src\radar_pi\src\RadarDrawShader.h">
      <Filter>Header Files</Filter>
    </ClInclude>
    <ClInclude Include="H:\home\user\src\radar_pi\src\RadarDrawVertex.h">
      <Filter>Header Files</Filter>
    </ClInclude>
    <ClInclude Include="H:\home\user\src\radar_pi\src\RadarFactory.h">
      <Filter>Header Files</Filter>
    </ClInclude>
    <ClInclude Include="H:\home\user\src\radar_pi\src\RadarInfo.h">
      <Filter>Header Files</Filter>
    </ClInclude>
    <ClInclude Include="H:\home\user\src\radar_pi\src\RadarMarpa.h">
      <Filter>Header Files</Filter>
    </ClInclude>
    <ClInclude Include="H:\home\user\src\radar_pi\src\RadarPanel.h">
      <Filter>Header Files</Filter>
    </ClInclude>
    <ClInclude Include="H:\home\user\src\radar_pi\src\RadarReceive.h">
      <Filter>Header Files</Filter>
    </ClInclude>
    <ClInclude Include="H:\home\user\src\radar_pi\src\RadarType.h">
      <Filter>Header Files</Filter>
    </ClInclude>
    <ClInclude Include="H:\home\user\src\radar_pi\src\SelectDialog.h">
      <Filter>Header Files</Filter>
    </ClInclude>
    <ClInclude Include="H:\home\user\src\radar_pi\src\SoftwareControlSet.h">
      <Filter>Header Files</Filter>
    </ClInclude>
    <ClInclude Include="H:\home\user\src\radar_pi\src\TextureFont.h">
      <Filter>Header Files</Filter>
    </ClInclude>
    <ClInclude Include="H:\home\user\src\radar_pi\src\TrailBuffer.h">
      <Filter>Header Files</Filter>
    </ClInclude>
    <ClInclude Include="H:\home\user\src\radar_pi\src\drawutil.h">
      <Filter>Header Files</Filter>
    </ClInclude>
    <ClInclude Include="H:\home\user\src\radar_pi\src\icons.h">
      <Filter>Header Files</Filter>
    </ClInclude>
    <ClInclude Include="H:\home\user\src\radar_pi\src\pi_common.h">
      <Filter>Header Files</Filter>
    </ClInclude>
    <ClInclude Include="H:\home\user\src\radar_pi\src\radar_pi.h">
      <Filter>Header Files</Filter>
    </ClInclude>
    <ClInclude Include="H:\home\user\src\radar_pi\src\shaderutil.h">
      <Filter>Header Files</Filter>
    </ClInclude>
    <ClInclude Include="H:\home\user\src\radar_pi\src\socketutil.h">
      <Filter>Header Files</Filter>
    </ClInclude>
    <ClInclude Include="H:\home\user\src\radar_pi\src\nmea0183\nmea0183.hpp">
      <Filter>Header Files</Filter>
    </ClInclude>
    <ClInclude Include="H:\home\user\src\radar_pi\src\nmea0183\Response.hpp">
      <Filter>Header Files</Filter>
    </ClInclude>
    <ClInclude Include="H:\home\user\src\radar_pi\src\nmea0183\Sentence.hpp">
      <Filter>Header Files</Filter>
    </ClInclude>
    <ClInclude Include="H:\home\user\src\radar_pi\src\nmea0183\hdt.hpp">
      <Filter>Header Files</Filter>
    </ClInclude>
    <ClInclude Include="H:\home\user\src\radar_pi\src\nmea0183\hdg.hpp">
      <Filter>Header Files</Filter>
    </ClInclude>
    <ClInclude Include="H:\home\user\src\radar_pi\src\nmea0183\hdm.hpp">
      <Filter>Header Files</Filter>
    </ClInclude>
    <ClInclude Include="H:\home\user\src\radar_pi\src\emulator\EmulatorControl.h">
      <Filter>Header Files</Filter>
    </ClInclude>
    <ClInclude Include="H:\home\user\src\radar_pi\src\emulator\EmulatorControlSet.h">
      <Filter>Header Files</Filter>
    </ClInclude>
    <ClInclude Include="H:\home\user\src\radar_pi\src\emulator\EmulatorControlsDialog.h">
      <Filter>Header Files</Filter>
    </ClInclude>
    <ClInclude Include="H:\home\user\src\radar_pi\src\emulator\EmulatorReceive.h">
      <Filter>Header Files</Filter>
    </ClInclude>
    <ClInclude Include="H:\home\user\src\radar_pi\src\emulator\emulatortype.h">
      <Filter>Header Files</Filter>
    </ClInclude>
    <ClInclude Include="H:\home\user\src\radar_pi\src\garminhd\GarminHDControl.h">
      <Filter>Header Files</Filter>
    </ClInclude>
    <ClInclude Include="H:\home\user\src\radar_pi\src\garminhd\GarminHDControlSet.h">
      <Filter>Header Files</Filter>
    </ClInclude>
    <ClInclude Include="H:\home\user\src\radar_pi\src\garminhd\GarminHDControlsDialog.h">
      <Filter>Header Files</Filter>
    </ClInclude>
    <ClInclude Include="H:\home\user\src\radar_pi\src\garminhd\GarminHDReceive.h">
      <Filter>Header Files</Filter>
    </ClInclude>
    <ClInclude Include="H:\home\user\src\radar_pi\src\garminhd\garminhdtype.h">
      <Filter>Header Files</Filter>
    </ClInclude>
    <ClInclude Include="H:\home\user\src\radar_pi\src\garminxhd\GarminxHDControl.h">
      <Filter>Header Files</Filter>
    </ClInclude>
    <ClInclude Include="H:\home\user\src\radar_pi\src\garminxhd\GarminxHDControlSet.h">
      <Filter>Header Files</Filter>
    </ClInclude>
    <ClInclude Include="H:\home\user\src\radar_pi\src\garminxhd\GarminxHDControlsDialog.h">
      <Filter>Header Files</Filter>
    </ClInclude>
    <ClInclude Include="H:\home\user\src\radar_pi\src\garminxhd\GarminxHDReceive.h">
      <Filter>Header Files</Filter>
    </ClInclude>
    <ClInclude Include="H:\home\user\src\radar_pi\src\garminxhd\garminxhdtype.h">
      <Filter>Header Files</Filter>
    </ClInclude>
    <ClInclude Include="H:\home\user\src\radar_pi\src\ocius\oc_utils.h">
      <Filter>Header Files</Filter>
    </ClInclude>
    <ClInclude Include="H:\home\user\src\radar_pi\src\ocius\oc_radar_interface.h">
      <Filter>Header Files</Filter>
    </ClInclude>
    <ClInclude Include="H:\home\user\src\radar_pi\src\navico\br24type.h">
      <Filter>Header Files</Filter>
    </ClInclude>
    <ClInclude Include="H:\home\user\src\radar_pi\src\navico\br3gtype.h">
      <Filter>Header Files</Filter>
    </ClInclude>
    <ClInclude Include="H:\home\user\src\radar_pi\src\navico\br4gatype.h">
      <Filter>Header Files</Filter>
    </ClInclude>
    <ClInclude Include="H:\home\user\src\radar_pi\src\navico\br4gbtype.h">
      <Filter>Header Files</Filter>
    </ClInclude>
    <ClInclude Include="H:\home\user\src\radar_pi\src\navico\haloatype.h">
      <Filter>Header Files</Filter>
    </ClInclude>
    <ClInclude Include="H:\home\user\src\radar_pi\src\navico\halobtype.h">
      <Filter>Header Files</Filter>
    </ClInclude>
    <ClInclude Include="H:\home\user\src\radar_pi\src\navico\NavicoCommon.h">
      <Filter>Header Files</Filter>
    </ClInclude>
    <ClInclude Include="H:\home\user\src\radar_pi\src\navico\NavicoReceive.h">
      <Filter>Header Files</Filter>
    </ClInclude>
    <ClInclude Include="H:\home\user\src\radar_pi\src\navico\NavicoControl.h">
      <Filter>Header Files</Filter>
    </ClInclude>
    <ClInclude Include="H:\home\user\src\radar_pi\src\navico\NavicoControlSet.h">
      <Filter>Header Files</Filter>
    </ClInclude>
    <ClInclude Include="H:\home\user\src\radar_pi\src\navico\NavicoControlsDialog.h">
      <Filter>Header Files</Filter>
    </ClInclude>
    <ClInclude Include="H:\home\user\src\radar_pi\src\navico\NavicoLocate.h">
      <Filter>Header Files</Filter>
    </ClInclude>
    <ClInclude Include="H:\home\user\src\radar_pi\src\navico\NavicoRadarInfo.h">
      <Filter>Header Files</Filter>
    </ClInclude>
  </ItemGroup>
  <ItemGroup>
    <CustomBuild Include="H:\home\user\src\radar_pi\CMakeLists.txt" />
  </ItemGroup>
  <ItemGroup>
    <Filter Include="Header Files">
      <UniqueIdentifier>{09CCE9EF-E4FF-3125-9BCE-DF688EFF5B70}</UniqueIdentifier>
    </Filter>
    <Filter Include="Source Files">
      <UniqueIdentifier>{F1CFCCD3-B6F6-3D66-9B93-B56758D1066D}</UniqueIdentifier>
    </Filter>
  </ItemGroup>
</Project>