<?xml version="1.0" encoding="utf-8"?>
<Project ToolsVersion="16.0" xmlns="http://schemas.microsoft.com/developer/msbuild/2003">
  <ItemGroup>
    <CustomBuild Include="H:\home\user\src\radar_pi\exe-win32\CMakeFiles\1105669c84f5d4810daf219912979c25\ar_SA.mo.rule">
      <Filter>CMake Rules</Filter>
    </CustomBuild>
    <CustomBuild Include="H:\home\user\src\radar_pi\exe-win32\CMakeFiles\1105669c84f5d4810daf219912979c25\bg_BG.mo.rule">
      <Filter>CMake Rules</Filter>
    </CustomBuild>
    <CustomBuild Include="H:\home\user\src\radar_pi\exe-win32\CMakeFiles\1105669c84f5d4810daf219912979c25\ca_ES.mo.rule">
      <Filter>CMake Rules</Filter>
    </CustomBuild>
    <CustomBuild Include="H:\home\user\src\radar_pi\exe-win32\CMakeFiles\1105669c84f5d4810daf219912979c25\cs_CZ.mo.rule">
      <Filter>CMake Rules</Filter>
    </CustomBuild>
    <CustomBuild Include="H:\home\user\src\radar_pi\exe-win32\CMakeFiles\1105669c84f5d4810daf219912979c25\da_DK.mo.rule">
      <Filter>CMake Rules</Filter>
    </CustomBuild>
    <CustomBuild Include="H:\home\user\src\radar_pi\exe-win32\CMakeFiles\1105669c84f5d4810daf219912979c25\de_DE.mo.rule">
      <Filter>CMake Rules</Filter>
    </CustomBuild>
    <CustomBuild Include="H:\home\user\src\radar_pi\exe-win32\CMakeFiles\1105669c84f5d4810daf219912979c25\el_GR.mo.rule">
      <Filter>CMake Rules</Filter>
    </CustomBuild>
    <CustomBuild Include="H:\home\user\src\radar_pi\exe-win32\CMakeFiles\1105669c84f5d4810daf219912979c25\es_ES.mo.rule">
      <Filter>CMake Rules</Filter>
    </CustomBuild>
    <CustomBuild Include="H:\home\user\src\radar_pi\exe-win32\CMakeFiles\1105669c84f5d4810daf219912979c25\et_EE.mo.rule">
      <Filter>CMake Rules</Filter>
    </CustomBuild>
    <CustomBuild Include="H:\home\user\src\radar_pi\exe-win32\CMakeFiles\1105669c84f5d4810daf219912979c25\fi_FI.mo.rule">
      <Filter>CMake Rules</Filter>
    </CustomBuild>
    <CustomBuild Include="H:\home\user\src\radar_pi\exe-win32\CMakeFiles\1105669c84f5d4810daf219912979c25\fil_PH.mo.rule">
      <Filter>CMake Rules</Filter>
    </CustomBuild>
    <CustomBuild Include="H:\home\user\src\radar_pi\exe-win32\CMakeFiles\1105669c84f5d4810daf219912979c25\fr_FR.mo.rule">
      <Filter>CMake Rules</Filter>
    </CustomBuild>
    <CustomBuild Include="H:\home\user\src\radar_pi\exe-win32\CMakeFiles\1105669c84f5d4810daf219912979c25\gl_ES.mo.rule">
      <Filter>CMake Rules</Filter>
    </CustomBuild>
    <CustomBuild Include="H:\home\user\src\radar_pi\exe-win32\CMakeFiles\1105669c84f5d4810daf219912979c25\hi_IN.mo.rule">
      <Filter>CMake Rules</Filter>
    </CustomBuild>
    <CustomBuild Include="H:\home\user\src\radar_pi\exe-win32\CMakeFiles\1105669c84f5d4810daf219912979c25\hu_HU.mo.rule">
      <Filter>CMake Rules</Filter>
    </CustomBuild>
    <CustomBuild Include="H:\home\user\src\radar_pi\exe-win32\CMakeFiles\1105669c84f5d4810daf219912979c25\id_ID.mo.rule">
      <Filter>CMake Rules</Filter>
    </CustomBuild>
    <CustomBuild Include="H:\home\user\src\radar_pi\exe-win32\CMakeFiles\1105669c84f5d4810daf219912979c25\is_IS.mo.rule">
      <Filter>CMake Rules</Filter>
    </CustomBuild>
    <CustomBuild Include="H:\home\user\src\radar_pi\exe-win32\CMakeFiles\1105669c84f5d4810daf219912979c25\it_IT.mo.rule">
      <Filter>CMake Rules</Filter>
    </CustomBuild>
    <CustomBuild Include="H:\home\user\src\radar_pi\exe-win32\CMakeFiles\1105669c84f5d4810daf219912979c25\ja_JP.mo.rule">
      <Filter>CMake Rules</Filter>
    </CustomBuild>
    <CustomBuild Include="H:\home\user\src\radar_pi\exe-win32\CMakeFiles\1105669c84f5d4810daf219912979c25\ko_KR.mo.rule">
      <Filter>CMake Rules</Filter>
    </CustomBuild>
    <CustomBuild Include="H:\home\user\src\radar_pi\exe-win32\CMakeFiles\1105669c84f5d4810daf219912979c25\mr_IN.mo.rule">
      <Filter>CMake Rules</Filter>
    </CustomBuild>
    <CustomBuild Include="H:\home\user\src\radar_pi\exe-win32\CMakeFiles\1105669c84f5d4810daf219912979c25\nb_NO.mo.rule">
      <Filter>CMake Rules</Filter>
    </CustomBuild>
    <CustomBuild Include="H:\home\user\src\radar_pi\exe-win32\CMakeFiles\1105669c84f5d4810daf219912979c25\nl_NL.mo.rule">
      <Filter>CMake Rules</Filter>
    </CustomBuild>
    <CustomBuild Include="H:\home\user\src\radar_pi\exe-win32\CMakeFiles\1105669c84f5d4810daf219912979c25\pl_PL.mo.rule">
      <Filter>CMake Rules</Filter>
    </CustomBuild>
    <CustomBuild Include="H:\home\user\src\radar_pi\exe-win32\CMakeFiles\1105669c84f5d4810daf219912979c25\pt_BR.mo.rule">
      <Filter>CMake Rules</Filter>
    </CustomBuild>
    <CustomBuild Include="H:\home\user\src\radar_pi\exe-win32\CMakeFiles\1105669c84f5d4810daf219912979c25\pt_PT.mo.rule">
      <Filter>CMake Rules</Filter>
    </CustomBuild>
    <CustomBuild Include="H:\home\user\src\radar_pi\exe-win32\CMakeFiles\1105669c84f5d4810daf219912979c25\ro_RO.mo.rule">
      <Filter>CMake Rules</Filter>
    </CustomBuild>
    <CustomBuild Include="H:\home\user\src\radar_pi\exe-win32\CMakeFiles\1105669c84f5d4810daf219912979c25\ru_RU.mo.rule">
      <Filter>CMake Rules</Filter>
    </CustomBuild>
    <CustomBuild Include="H:\home\user\src\radar_pi\exe-win32\CMakeFiles\1105669c84f5d4810daf219912979c25\sv_SE.mo.rule">
      <Filter>CMake Rules</Filter>
    </CustomBuild>
    <CustomBuild Include="H:\home\user\src\radar_pi\exe-win32\CMakeFiles\1105669c84f5d4810daf219912979c25\th_TH.mo.rule">
      <Filter>CMake Rules</Filter>
    </CustomBuild>
    <CustomBuild Include="H:\home\user\src\radar_pi\exe-win32\CMakeFiles\1105669c84f5d4810daf219912979c25\tr_TR.mo.rule">
      <Filter>CMake Rules</Filter>
    </CustomBuild>
    <CustomBuild Include="H:\home\user\src\radar_pi\exe-win32\CMakeFiles\1105669c84f5d4810daf219912979c25\vi_VN.mo.rule">
      <Filter>CMake Rules</Filter>
    </CustomBuild>
    <CustomBuild Include="H:\home\user\src\radar_pi\exe-win32\CMakeFiles\1105669c84f5d4810daf219912979c25\zh_CN.mo.rule">
      <Filter>CMake Rules</Filter>
    </CustomBuild>
    <CustomBuild Include="H:\home\user\src\radar_pi\exe-win32\CMakeFiles\1105669c84f5d4810daf219912979c25\zh_TW.mo.rule">
      <Filter>CMake Rules</Filter>
    </CustomBuild>
    <CustomBuild Include="H:\home\user\src\radar_pi\exe-win32\CMakeFiles\248a7a3c4615a10f486f16df87d8c0ce\radar-i18n.rule">
      <Filter>CMake Rules</Filter>
    </CustomBuild>
    <CustomBuild Include="H:\home\user\src\radar_pi\CMakeLists.txt" />
  </ItemGroup>
  <ItemGroup>
    <None Include="H:\home\user\src\radar_pi\exe-win32\CMakeFiles\radar-i18n" />
  </ItemGroup>
  <ItemGroup>
    <Filter Include="CMake Rules">
      <UniqueIdentifier>{0B33EC13-3193-36FE-97DE-7DC8D68AFE9B}</UniqueIdentifier>
    </Filter>
  </ItemGroup>
</Project>
