<?xml version="1.0" encoding="utf-8"?>
<Project ToolsVersion="16.0" xmlns="http://schemas.microsoft.com/developer/msbuild/2003">
  <ItemGroup>
    <CustomBuild Include="H:\home\user\src\radar_pi\build-win32\CMakeFiles\ee23befd56b8991ae39af5efdf41b746\ar_SA.po.dummy.rule">
      <Filter>CMake Rules</Filter>
    </CustomBuild>
    <CustomBuild Include="H:\home\user\src\radar_pi\build-win32\CMakeFiles\ee23befd56b8991ae39af5efdf41b746\bg_BG.po.dummy.rule">
      <Filter>CMake Rules</Filter>
    </CustomBuild>
    <CustomBuild Include="H:\home\user\src\radar_pi\build-win32\CMakeFiles\ee23befd56b8991ae39af5efdf41b746\ca_ES.po.dummy.rule">
      <Filter>CMake Rules</Filter>
    </CustomBuild>
    <CustomBuild Include="H:\home\user\src\radar_pi\build-win32\CMakeFiles\ee23befd56b8991ae39af5efdf41b746\cs_CZ.po.dummy.rule">
      <Filter>CMake Rules</Filter>
    </CustomBuild>
    <CustomBuild Include="H:\home\user\src\radar_pi\build-win32\CMakeFiles\ee23befd56b8991ae39af5efdf41b746\da_DK.po.dummy.rule">
      <Filter>CMake Rules</Filter>
    </CustomBuild>
    <CustomBuild Include="H:\home\user\src\radar_pi\build-win32\CMakeFiles\ee23befd56b8991ae39af5efdf41b746\de_DE.po.dummy.rule">
      <Filter>CMake Rules</Filter>
    </CustomBuild>
    <CustomBuild Include="H:\home\user\src\radar_pi\build-win32\CMakeFiles\ee23befd56b8991ae39af5efdf41b746\el_GR.po.dummy.rule">
      <Filter>CMake Rules</Filter>
    </CustomBuild>
    <CustomBuild Include="H:\home\user\src\radar_pi\build-win32\CMakeFiles\ee23befd56b8991ae39af5efdf41b746\es_ES.po.dummy.rule">
      <Filter>CMake Rules</Filter>
    </CustomBuild>
    <CustomBuild Include="H:\home\user\src\radar_pi\build-win32\CMakeFiles\ee23befd56b8991ae39af5efdf41b746\et_EE.po.dummy.rule">
      <Filter>CMake Rules</Filter>
    </CustomBuild>
    <CustomBuild Include="H:\home\user\src\radar_pi\build-win32\CMakeFiles\ee23befd56b8991ae39af5efdf41b746\fi_FI.po.dummy.rule">
      <Filter>CMake Rules</Filter>
    </CustomBuild>
    <CustomBuild Include="H:\home\user\src\radar_pi\build-win32\CMakeFiles\ee23befd56b8991ae39af5efdf41b746\fil_PH.po.dummy.rule">
      <Filter>CMake Rules</Filter>
    </CustomBuild>
    <CustomBuild Include="H:\home\user\src\radar_pi\build-win32\CMakeFiles\ee23befd56b8991ae39af5efdf41b746\fr_FR.po.dummy.rule">
      <Filter>CMake Rules</Filter>
    </CustomBuild>
    <CustomBuild Include="H:\home\user\src\radar_pi\build-win32\CMakeFiles\ee23befd56b8991ae39af5efdf41b746\gl_ES.po.dummy.rule">
      <Filter>CMake Rules</Filter>
    </CustomBuild>
    <CustomBuild Include="H:\home\user\src\radar_pi\build-win32\CMakeFiles\ee23befd56b8991ae39af5efdf41b746\hi_IN.po.dummy.rule">
      <Filter>CMake Rules</Filter>
    </CustomBuild>
    <CustomBuild Include="H:\home\user\src\radar_pi\build-win32\CMakeFiles\ee23befd56b8991ae39af5efdf41b746\hu_HU.po.dummy.rule">
      <Filter>CMake Rules</Filter>
    </CustomBuild>
    <CustomBuild Include="H:\home\user\src\radar_pi\build-win32\CMakeFiles\ee23befd56b8991ae39af5efdf41b746\id_ID.po.dummy.rule">
      <Filter>CMake Rules</Filter>
    </CustomBuild>
    <CustomBuild Include="H:\home\user\src\radar_pi\build-win32\CMakeFiles\ee23befd56b8991ae39af5efdf41b746\is_IS.po.dummy.rule">
      <Filter>CMake Rules</Filter>
    </CustomBuild>
    <CustomBuild Include="H:\home\user\src\radar_pi\build-win32\CMakeFiles\ee23befd56b8991ae39af5efdf41b746\it_IT.po.dummy.rule">
      <Filter>CMake Rules</Filter>
    </CustomBuild>
    <CustomBuild Include="H:\home\user\src\radar_pi\build-win32\CMakeFiles\ee23befd56b8991ae39af5efdf41b746\ja_JP.po.dummy.rule">
      <Filter>CMake Rules</Filter>
    </CustomBuild>
    <CustomBuild Include="H:\home\user\src\radar_pi\build-win32\CMakeFiles\ee23befd56b8991ae39af5efdf41b746\ko_KR.po.dummy.rule">
      <Filter>CMake Rules</Filter>
    </CustomBuild>
    <CustomBuild Include="H:\home\user\src\radar_pi\build-win32\CMakeFiles\ee23befd56b8991ae39af5efdf41b746\mr_IN.po.dummy.rule">
      <Filter>CMake Rules</Filter>
    </CustomBuild>
    <CustomBuild Include="H:\home\user\src\radar_pi\build-win32\CMakeFiles\ee23befd56b8991ae39af5efdf41b746\nb_NO.po.dummy.rule">
      <Filter>CMake Rules</Filter>
    </CustomBuild>
    <CustomBuild Include="H:\home\user\src\radar_pi\build-win32\CMakeFiles\ee23befd56b8991ae39af5efdf41b746\nl_NL.po.dummy.rule">
      <Filter>CMake Rules</Filter>
    </CustomBuild>
    <CustomBuild Include="H:\home\user\src\radar_pi\build-win32\CMakeFiles\ee23befd56b8991ae39af5efdf41b746\pl_PL.po.dummy.rule">
      <Filter>CMake Rules</Filter>
    </CustomBuild>
    <CustomBuild Include="H:\home\user\src\radar_pi\build-win32\CMakeFiles\ee23befd56b8991ae39af5efdf41b746\pt_BR.po.dummy.rule">
      <Filter>CMake Rules</Filter>
    </CustomBuild>
    <CustomBuild Include="H:\home\user\src\radar_pi\build-win32\CMakeFiles\ee23befd56b8991ae39af5efdf41b746\pt_PT.po.dummy.rule">
      <Filter>CMake Rules</Filter>
    </CustomBuild>
    <CustomBuild Include="H:\home\user\src\radar_pi\build-win32\CMakeFiles\ee23befd56b8991ae39af5efdf41b746\ro_RO.po.dummy.rule">
      <Filter>CMake Rules</Filter>
    </CustomBuild>
    <CustomBuild Include="H:\home\user\src\radar_pi\build-win32\CMakeFiles\ee23befd56b8991ae39af5efdf41b746\ru_RU.po.dummy.rule">
      <Filter>CMake Rules</Filter>
    </CustomBuild>
    <CustomBuild Include="H:\home\user\src\radar_pi\build-win32\CMakeFiles\ee23befd56b8991ae39af5efdf41b746\sv_SE.po.dummy.rule">
      <Filter>CMake Rules</Filter>
    </CustomBuild>
    <CustomBuild Include="H:\home\user\src\radar_pi\build-win32\CMakeFiles\ee23befd56b8991ae39af5efdf41b746\th_TH.po.dummy.rule">
      <Filter>CMake Rules</Filter>
    </CustomBuild>
    <CustomBuild Include="H:\home\user\src\radar_pi\build-win32\CMakeFiles\ee23befd56b8991ae39af5efdf41b746\tr_TR.po.dummy.rule">
      <Filter>CMake Rules</Filter>
    </CustomBuild>
    <CustomBuild Include="H:\home\user\src\radar_pi\build-win32\CMakeFiles\ee23befd56b8991ae39af5efdf41b746\vi_VN.po.dummy.rule">
      <Filter>CMake Rules</Filter>
    </CustomBuild>
    <CustomBuild Include="H:\home\user\src\radar_pi\build-win32\CMakeFiles\ee23befd56b8991ae39af5efdf41b746\zh_CN.po.dummy.rule">
      <Filter>CMake Rules</Filter>
    </CustomBuild>
    <CustomBuild Include="H:\home\user\src\radar_pi\build-win32\CMakeFiles\ee23befd56b8991ae39af5efdf41b746\zh_TW.po.dummy.rule">
      <Filter>CMake Rules</Filter>
    </CustomBuild>
    <CustomBuild Include="H:\home\user\src\radar_pi\build-win32\CMakeFiles\02809eb692cb7dd6fb78bde0a0e611b3\radar-po-update.rule">
      <Filter>CMake Rules</Filter>
    </CustomBuild>
    <CustomBuild Include="H:\home\user\src\radar_pi\CMakeLists.txt" />
  </ItemGroup>
  <ItemGroup>
    <None Include="H:\home\user\src\radar_pi\build-win32\CMakeFiles\radar-po-update" />
  </ItemGroup>
  <ItemGroup>
    <Filter Include="CMake Rules">
      <UniqueIdentifier>{3160F477-8564-3028-A8AC-4B6A7668CA46}</UniqueIdentifier>
    </Filter>
  </ItemGroup>
</Project>
